
Microsoft Visual Studio Solution File, Format Version 12.00
# Visual Studio Version 17
VisualStudioVersion = 17.5.002.0
MinimumVisualStudioVersion = 10.0.40219.1
Project("{9A19103F-16F7-4668-BE54-9A1E7A4F7556}") = "Final Work Developer", "Final Work Developer.csproj", "{070A2704-2D45-4BB7-AE84-754F17A9CBBF}"
EndProject
Global
	GlobalSection(SolutionConfigurationPlatforms) = preSolution
		Debug|Any CPU = Debug|Any CPU
		Release|Any CPU = Release|Any CPU
	EndGlobalSection
	GlobalSection(ProjectConfigurationPlatforms) = postSolution
		{070A2704-2D45-4BB7-AE84-754F17A9CBBF}.Debug|Any CPU.ActiveCfg = Debug|Any CPU
		{070A2704-2D45-4BB7-AE84-754F17A9CBBF}.Debug|Any CPU.Build.0 = Debug|Any CPU
		{070A2704-2D45-4BB7-AE84-754F17A9CBBF}.Release|Any CPU.ActiveCfg = Release|Any CPU
		{070A2704-2D45-4BB7-AE84-754F17A9CBBF}.Release|Any CPU.Build.0 = Release|Any CPU
	EndGlobalSection
	GlobalSection(SolutionProperties) = preSolution
		HideSolutionNode = FALSE
	EndGlobalSection
	GlobalSection(ExtensibilityGlobals) = postSolution
		SolutionGuid = {61F9B69A-03DF-4EB0-8AD8-FD88E046E7CF}
	EndGlobalSection
EndGlobal
